
Microsoft Visual Studio Solution File, Format Version 12.00
# Visual Studio 15
VisualStudioVersion = 15.0.28010.2016
MinimumVisualStudioVersion = 10.0.40219.1
Project("{FAE04EC0-301F-11D3-BF4B-00C04F79EFBC}") = "Api.Restaurante.Final", "Api.Restaurante.Final\Api.Restaurante.Final.csproj", "{C50BA115-9D65-4C8A-949B-29C4725F7A55}"
EndProject
Global
	GlobalSection(SolutionConfigurationPlatforms) = preSolution
		Debug|Any CPU = Debug|Any CPU
		Release|Any CPU = Release|Any CPU
	EndGlobalSection
	GlobalSection(ProjectConfigurationPlatforms) = postSolution
		{C50BA115-9D65-4C8A-949B-29C4725F7A55}.Debug|Any CPU.ActiveCfg = Debug|Any CPU
		{C50BA115-9D65-4C8A-949B-29C4725F7A55}.Debug|Any CPU.Build.0 = Debug|Any CPU
		{C50BA115-9D65-4C8A-949B-29C4725F7A55}.Release|Any CPU.ActiveCfg = Release|Any CPU
		{C50BA115-9D65-4C8A-949B-29C4725F7A55}.Release|Any CPU.Build.0 = Release|Any CPU
	EndGlobalSection
	GlobalSection(SolutionProperties) = preSolution
		HideSolutionNode = FALSE
	EndGlobalSection
	GlobalSection(ExtensibilityGlobals) = postSolution
		SolutionGuid = {BC3D0176-3304-4926-BA6D-AA3AA6545D43}
	EndGlobalSection
EndGlobal
